
Microsoft Visual Studio Solution File, Format Version 12.00
# Visual Studio 15
VisualStudioVersion = 15.0.27130.2036
MinimumVisualStudioVersion = 10.0.40219.1
Project("{8BC9CEB8-8B4A-11D0-8D11-00A0C91BC942}") = "PerformanceLab7.2a", "PerformanceLab7.2a\PerformanceLab7.2a.vcxproj", "{9891F039-87AB-445E-9DC1-3C5E307FCE3F}"
EndProject
Global
	GlobalSection(SolutionConfigurationPlatforms) = preSolution
		Debug|x64 = Debug|x64
		Debug|x86 = Debug|x86
		Release|x64 = Release|x64
		Release|x86 = Release|x86
	EndGlobalSection
	GlobalSection(ProjectConfigurationPlatforms) = postSolution
		{9891F039-87AB-445E-9DC1-3C5E307FCE3F}.Debug|x64.ActiveCfg = Debug|x64
		{9891F039-87AB-445E-9DC1-3C5E307FCE3F}.Debug|x64.Build.0 = Debug|x64
		{9891F039-87AB-445E-9DC1-3C5E307FCE3F}.Debug|x86.ActiveCfg = Debug|Win32
		{9891F039-87AB-445E-9DC1-3C5E307FCE3F}.Debug|x86.Build.0 = Debug|Win32
		{9891F039-87AB-445E-9DC1-3C5E307FCE3F}.Release|x64.ActiveCfg = Release|x64
		{9891F039-87AB-445E-9DC1-3C5E307FCE3F}.Release|x64.Build.0 = Release|x64
		{9891F039-87AB-445E-9DC1-3C5E307FCE3F}.Release|x86.ActiveCfg = Release|Win32
		{9891F039-87AB-445E-9DC1-3C5E307FCE3F}.Release|x86.Build.0 = Release|Win32
	EndGlobalSection
	GlobalSection(SolutionProperties) = preSolution
		HideSolutionNode = FALSE
	EndGlobalSection
	GlobalSection(ExtensibilityGlobals) = postSolution
		SolutionGuid = {BFC0C061-CE02-4711-887A-306279B16C01}
	EndGlobalSection
EndGlobal
