
Microsoft Visual Studio Solution File, Format Version 12.00
# Visual Studio 15
VisualStudioVersion = 15.0.27130.2036
MinimumVisualStudioVersion = 10.0.40219.1
Project("{8BC9CEB8-8B4A-11D0-8D11-00A0C91BC942}") = "Project2", "Project2\Project2.vcxproj", "{CD32C20F-FB25-489C-B96C-8F5312CF3DF7}"
EndProject
Global
	GlobalSection(SolutionConfigurationPlatforms) = preSolution
		Debug|x64 = Debug|x64
		Debug|x86 = Debug|x86
		Release|x64 = Release|x64
		Release|x86 = Release|x86
	EndGlobalSection
	GlobalSection(ProjectConfigurationPlatforms) = postSolution
		{CD32C20F-FB25-489C-B96C-8F5312CF3DF7}.Debug|x64.ActiveCfg = Debug|x64
		{CD32C20F-FB25-489C-B96C-8F5312CF3DF7}.Debug|x64.Build.0 = Debug|x64
		{CD32C20F-FB25-489C-B96C-8F5312CF3DF7}.Debug|x86.ActiveCfg = Debug|Win32
		{CD32C20F-FB25-489C-B96C-8F5312CF3DF7}.Debug|x86.Build.0 = Debug|Win32
		{CD32C20F-FB25-489C-B96C-8F5312CF3DF7}.Release|x64.ActiveCfg = Release|x64
		{CD32C20F-FB25-489C-B96C-8F5312CF3DF7}.Release|x64.Build.0 = Release|x64
		{CD32C20F-FB25-489C-B96C-8F5312CF3DF7}.Release|x86.ActiveCfg = Release|Win32
		{CD32C20F-FB25-489C-B96C-8F5312CF3DF7}.Release|x86.Build.0 = Release|Win32
	EndGlobalSection
	GlobalSection(SolutionProperties) = preSolution
		HideSolutionNode = FALSE
	EndGlobalSection
	GlobalSection(ExtensibilityGlobals) = postSolution
		SolutionGuid = {DFD22F01-604E-4254-B7FA-2266904E6781}
	EndGlobalSection
EndGlobal
